
Microsoft Visual Studio Solution File, Format Version 12.00
# Visual Studio Version 16
VisualStudioVersion = 16.0.29306.81
MinimumVisualStudioVersion = 10.0.40219.1
Project("{FAE04EC0-301F-11D3-BF4B-00C04F79EFBC}") = "VMMBackend", "VMMBackend\VMMBackend.csproj", "{5BE92D8E-655E-4F89-BE33-A80A9B3A260D}"
EndProject
Global
	GlobalSection(SolutionConfigurationPlatforms) = preSolution
		Debug|Any CPU = Debug|Any CPU
		Release|Any CPU = Release|Any CPU
	EndGlobalSection
	GlobalSection(ProjectConfigurationPlatforms) = postSolution
		{5BE92D8E-655E-4F89-BE33-A80A9B3A260D}.Debug|Any CPU.ActiveCfg = Debug|Any CPU
		{5BE92D8E-655E-4F89-BE33-A80A9B3A260D}.Debug|Any CPU.Build.0 = Debug|Any CPU
		{5BE92D8E-655E-4F89-BE33-A80A9B3A260D}.Release|Any CPU.ActiveCfg = Release|Any CPU
		{5BE92D8E-655E-4F89-BE33-A80A9B3A260D}.Release|Any CPU.Build.0 = Release|Any CPU
	EndGlobalSection
	GlobalSection(SolutionProperties) = preSolution
		HideSolutionNode = FALSE
	EndGlobalSection
	GlobalSection(ExtensibilityGlobals) = postSolution
		SolutionGuid = {5442EF47-45CD-4F4F-BE48-7603A4C07C64}
	EndGlobalSection
EndGlobal
